// !$*UTF8*$!
{
	archiveVersion = 1;
	classes = {
	};
	objectVersion = 56;
	objects = {

/* Begin PBXBuildFile section */
		FD6B7DED29642A56007C57EB /* TODO_SwiftUIApp.swift in Sources */ = {isa = PBXBuildFile; fileRef = FD6B7DEC29642A56007C57EB /* TODO_SwiftUIApp.swift */; };
		FD6B7DEF29642A56007C57EB /* ContentView.swift in Sources */ = {isa = PBXBuildFile; fileRef = FD6B7DEE29642A56007C57EB /* ContentView.swift */; };
		FD6B7DF129642A57007C57EB /* Assets.xcassets in Resources */ = {isa = PBXBuildFile; fileRef = FD6B7DF029642A57007C57EB /* Assets.xcassets */; };
		FD6B7DF429642A57007C57EB /* Preview Assets.xcassets in Resources */ = {isa = PBXBuildFile; fileRef = FD6B7DF329642A57007C57EB /* Preview Assets.xcassets */; };
		FD6B7DFC29642B3A007C57EB /* WebService.swift in Sources */ = {isa = PBXBuildFile; fileRef = FD6B7DFB29642B3A007C57EB /* WebService.swift */; };
		FD6B7DFF29643302007C57EB /* Todo.swift in Sources */ = {isa = PBXBuildFile; fileRef = FD6B7DFE29643302007C57EB /* Todo.swift */; };
		FD6B7E0229643866007C57EB /* TodoListViewModel.swift in Sources */ = {isa = PBXBuildFile; fileRef = FD6B7E0129643866007C57EB /* TodoListViewModel.swift */; };
		FD6B7E05296438E2007C57EB /* Constants.swift in Sources */ = {isa = PBXBuildFile; fileRef = FD6B7E04296438E2007C57EB /* Constants.swift */; };
		FD6B7E082964414A007C57EB /* TodoItemDetailsView.swift in Sources */ = {isa = PBXBuildFile; fileRef = FD6B7E072964414A007C57EB /* TodoItemDetailsView.swift */; };
/* End PBXBuildFile section */

/* Begin PBXFileReference section */
		FD6B7DE929642A56007C57EB /* TODO_SwiftUI.app */ = {isa = PBXFileReference; explicitFileType = wrapper.application; includeInIndex = 0; path = TODO_SwiftUI.app; sourceTree = BUILT_PRODUCTS_DIR; };
		FD6B7DEC29642A56007C57EB /* TODO_SwiftUIApp.swift */ = {isa = PBXFileReference; lastKnownFileType = sourcecode.swift; path = TODO_SwiftUIApp.swift; sourceTree = "<group>"; };
		FD6B7DEE29642A56007C57EB /* ContentView.swift */ = {isa = PBXFileReference; lastKnownFileType = sourcecode.swift; path = ContentView.swift; sourceTree = "<group>"; };
		FD6B7DF029642A57007C57EB /* Assets.xcassets */ = {isa = PBXFileReference; lastKnownFileType = folder.assetcatalog; path = Assets.xcassets; sourceTree = "<group>"; };
		FD6B7DF329642A57007C57EB /* Preview Assets.xcassets */ = {isa = PBXFileReference; lastKnownFileType = folder.assetcatalog; path = "Preview Assets.xcassets"; sourceTree = "<group>"; };
		FD6B7DFB29642B3A007C57EB /* WebService.swift */ = {isa = PBXFileReference; lastKnownFileType = sourcecode.swift; path = WebService.swift; sourceTree = "<group>"; };
		FD6B7DFE29643302007C57EB /* Todo.swift */ = {isa = PBXFileReference; lastKnownFileType = sourcecode.swift; path = Todo.swift; sourceTree = "<group>"; };
		FD6B7E0129643866007C57EB /* TodoListViewModel.swift */ = {isa = PBXFileReference; lastKnownFileType = sourcecode.swift; path = TodoListViewModel.swift; sourceTree = "<group>"; };
		FD6B7E04296438E2007C57EB /* Constants.swift */ = {isa = PBXFileReference; lastKnownFileType = sourcecode.swift; path = Constants.swift; sourceTree = "<group>"; };
		FD6B7E072964414A007C57EB /* TodoItemDetailsView.swift */ = {isa = PBXFileReference; lastKnownFileType = sourcecode.swift; path = TodoItemDetailsView.swift; sourceTree = "<group>"; };
/* End PBXFileReference section */

/* Begin PBXFrameworksBuildPhase section */
		FD6B7DE629642A56007C57EB /* Frameworks */ = {
			isa = PBXFrameworksBuildPhase;
			buildActionMask = 2147483647;
			files = (
			);
			runOnlyForDeploymentPostprocessing = 0;
		};
/* End PBXFrameworksBuildPhase section */

/* Begin PBXGroup section */
		FD6B7DE029642A56007C57EB = {
			isa = PBXGroup;
			children = (
				FD6B7DEB29642A56007C57EB /* TODO_SwiftUI */,
				FD6B7DEA29642A56007C57EB /* Products */,
			);
			sourceTree = "<group>";
		};
		FD6B7DEA29642A56007C57EB /* Products */ = {
			isa = PBXGroup;
			children = (
				FD6B7DE929642A56007C57EB /* TODO_SwiftUI.app */,
			);
			name = Products;
			sourceTree = "<group>";
		};
		FD6B7DEB29642A56007C57EB /* TODO_SwiftUI */ = {
			isa = PBXGroup;
			children = (
				FD6B7E062964412C007C57EB /* Views */,
				FD6B7E03296438B4007C57EB /* Utils */,
				FD6B7E00296437F1007C57EB /* ViewModel */,
				FD6B7DFD296432DC007C57EB /* Models */,
				FD6B7DFA29642B0F007C57EB /* Service */,
				FD6B7DEC29642A56007C57EB /* TODO_SwiftUIApp.swift */,
				FD6B7DEE29642A56007C57EB /* ContentView.swift */,
				FD6B7DF029642A57007C57EB /* Assets.xcassets */,
				FD6B7DF229642A57007C57EB /* Preview Content */,
			);
			path = TODO_SwiftUI;
			sourceTree = "<group>";
		};
		FD6B7DF229642A57007C57EB /* Preview Content */ = {
			isa = PBXGroup;
			children = (
				FD6B7DF329642A57007C57EB /* Preview Assets.xcassets */,
			);
			path = "Preview Content";
			sourceTree = "<group>";
		};
		FD6B7DFA29642B0F007C57EB /* Service */ = {
			isa = PBXGroup;
			children = (
				FD6B7DFB29642B3A007C57EB /* WebService.swift */,
			);
			path = Service;
			sourceTree = "<group>";
		};
		FD6B7DFD296432DC007C57EB /* Models */ = {
			isa = PBXGroup;
			children = (
				FD6B7DFE29643302007C57EB /* Todo.swift */,
			);
			path = Models;
			sourceTree = "<group>";
		};
		FD6B7E00296437F1007C57EB /* ViewModel */ = {
			isa = PBXGroup;
			children = (
				FD6B7E0129643866007C57EB /* TodoListViewModel.swift */,
			);
			path = ViewModel;
			sourceTree = "<group>";
		};
		FD6B7E03296438B4007C57EB /* Utils */ = {
			isa = PBXGroup;
			children = (
				FD6B7E04296438E2007C57EB /* Constants.swift */,
			);
			path = Utils;
			sourceTree = "<group>";
		};
		FD6B7E062964412C007C57EB /* Views */ = {
			isa = PBXGroup;
			children = (
				FD6B7E072964414A007C57EB /* TodoItemDetailsView.swift */,
			);
			path = Views;
			sourceTree = "<group>";
		};
/* End PBXGroup section */

/* Begin PBXNativeTarget section */
		FD6B7DE829642A56007C57EB /* TODO_SwiftUI */ = {
			isa = PBXNativeTarget;
			buildConfigurationList = FD6B7DF729642A57007C57EB /* Build configuration list for PBXNativeTarget "TODO_SwiftUI" */;
			buildPhases = (
				FD6B7DE529642A56007C57EB /* Sources */,
				FD6B7DE629642A56007C57EB /* Frameworks */,
				FD6B7DE729642A56007C57EB /* Resources */,
			);
			buildRules = (
			);
			dependencies = (
			);
			name = TODO_SwiftUI;
			productName = TODO_SwiftUI;
			productReference = FD6B7DE929642A56007C57EB /* TODO_SwiftUI.app */;
			productType = "com.apple.product-type.application";
		};
/* End PBXNativeTarget section */

/* Begin PBXProject section */
		FD6B7DE129642A56007C57EB /* Project object */ = {
			isa = PBXProject;
			attributes = {
				BuildIndependentTargetsInParallel = 1;
				LastSwiftUpdateCheck = 1400;
				LastUpgradeCheck = 1400;
				TargetAttributes = {
					FD6B7DE829642A56007C57EB = {
						CreatedOnToolsVersion = 14.0.1;
					};
				};
			};
			buildConfigurationList = FD6B7DE429642A56007C57EB /* Build configuration list for PBXProject "TODO_SwiftUI" */;
			compatibilityVersion = "Xcode 14.0";
			developmentRegion = en;
			hasScannedForEncodings = 0;
			knownRegions = (
				en,
				Base,
			);
			mainGroup = FD6B7DE029642A56007C57EB;
			productRefGroup = FD6B7DEA29642A56007C57EB /* Products */;
			projectDirPath = "";
			projectRoot = "";
			targets = (
				FD6B7DE829642A56007C57EB /* TODO_SwiftUI */,
			);
		};
/* End PBXProject section */

/* Begin PBXResourcesBuildPhase section */
		FD6B7DE729642A56007C57EB /* Resources */ = {
			isa = PBXResourcesBuildPhase;
			buildActionMask = 2147483647;
			files = (
				FD6B7DF429642A57007C57EB /* Preview Assets.xcassets in Resources */,
				FD6B7DF129642A57007C57EB /* Assets.xcassets in Resources */,
			);
			runOnlyForDeploymentPostprocessing = 0;
		};
/* End PBXResourcesBuildPhase section */

/* Begin PBXSourcesBuildPhase section */
		FD6B7DE529642A56007C57EB /* Sources */ = {
			isa = PBXSourcesBuildPhase;
			buildActionMask = 2147483647;
			files = (
				FD6B7DFC29642B3A007C57EB /* WebService.swift in Sources */,
				FD6B7DEF29642A56007C57EB /* ContentView.swift in Sources */,
				FD6B7DED29642A56007C57EB /* TODO_SwiftUIApp.swift in Sources */,
				FD6B7DFF29643302007C57EB /* Todo.swift in Sources */,
				FD6B7E082964414A007C57EB /* TodoItemDetailsView.swift in Sources */,
				FD6B7E0229643866007C57EB /* TodoListViewModel.swift in Sources */,
				FD6B7E05296438E2007C57EB /* Constants.swift in Sources */,
			);
			runOnlyForDeploymentPostprocessing = 0;
		};
/* End PBXSourcesBuildPhase section */

/* Begin XCBuildConfiguration section */
		FD6B7DF529642A57007C57EB /* Debug */ = {
			isa = XCBuildConfiguration;
			buildSettings = {
				ALWAYS_SEARCH_USER_PATHS = NO;
				CLANG_ANALYZER_NONNULL = YES;
				CLANG_ANALYZER_NUMBER_OBJECT_CONVERSION = YES_AGGRESSIVE;
				CLANG_CXX_LANGUAGE_STANDARD = "gnu++20";
				CLANG_ENABLE_MODULES = YES;
				CLANG_ENABLE_OBJC_ARC = YES;
				CLANG_ENABLE_OBJC_WEAK = YES;
				CLANG_WARN_BLOCK_CAPTURE_AUTORELEASING = YES;
				CLANG_WARN_BOOL_CONVERSION = YES;
				CLANG_WARN_COMMA = YES;
				CLANG_WARN_CONSTANT_CONVERSION = YES;
				CLANG_WARN_DEPRECATED_OBJC_IMPLEMENTATIONS = YES;
				CLANG_WARN_DIRECT_OBJC_ISA_USAGE = YES_ERROR;
				CLANG_WARN_DOCUMENTATION_COMMENTS = YES;
				CLANG_WARN_EMPTY_BODY = YES;
				CLANG_WARN_ENUM_CONVERSION = YES;
				CLANG_WARN_INFINITE_RECURSION = YES;
				CLANG_WARN_INT_CONVERSION = YES;
				CLANG_WARN_NON_LITERAL_NULL_CONVERSION = YES;
				CLANG_WARN_OBJC_IMPLICIT_RETAIN_SELF = YES;
				CLANG_WARN_OBJC_LITERAL_CONVERSION = YES;
				CLANG_WARN_OBJC_ROOT_CLASS = YES_ERROR;
				CLANG_WARN_QUOTED_INCLUDE_IN_FRAMEWORK_HEADER = YES;
				CLANG_WARN_RANGE_LOOP_ANALYSIS = YES;
				CLANG_WARN_STRICT_PROTOTYPES = YES;
				CLANG_WARN_SUSPICIOUS_MOVE = YES;
				CLANG_WARN_UNGUARDED_AVAILABILITY = YES_AGGRESSIVE;
				CLANG_WARN_UNREACHABLE_CODE = YES;
				CLANG_WARN__DUPLICATE_METHOD_MATCH = YES;
				COPY_PHASE_STRIP = NO;
				DEBUG_INFORMATION_FORMAT = dwarf;
				ENABLE_STRICT_OBJC_MSGSEND = YES;
				ENABLE_TESTABILITY = YES;
				GCC_C_LANGUAGE_STANDARD = gnu11;
				GCC_DYNAMIC_NO_PIC = NO;
				GCC_NO_COMMON_BLOCKS = YES;
				GCC_OPTIMIZATION_LEVEL = 0;
				GCC_PREPROCESSOR_DEFINITIONS = (
					"DEBUG=1",
					"$(inherited)",
				);
				GCC_WARN_64_TO_32_BIT_CONVERSION = YES;
				GCC_WARN_ABOUT_RETURN_TYPE = YES_ERROR;
				GCC_WARN_UNDECLARED_SELECTOR = YES;
				GCC_WARN_UNINITIALIZED_AUTOS = YES_AGGRESSIVE;
				GCC_WARN_UNUSED_FUNCTION = YES;
				GCC_WARN_UNUSED_VARIABLE = YES;
				IPHONEOS_DEPLOYMENT_TARGET = 16.0;
				MTL_ENABLE_DEBUG_INFO = INCLUDE_SOURCE;
				MTL_FAST_MATH = YES;
				ONLY_ACTIVE_ARCH = YES;
				SDKROOT = iphoneos;
				SWIFT_ACTIVE_COMPILATION_CONDITIONS = DEBUG;
				SWIFT_OPTIMIZATION_LEVEL = "-Onone";
			};
			name = Debug;
		};
		FD6B7DF629642A57007C57EB /* Release */ = {
			isa = XCBuildConfiguration;
			buildSettings = {
				ALWAYS_SEARCH_USER_PATHS = NO;
				CLANG_ANALYZER_NONNULL = YES;
				CLANG_ANALYZER_NUMBER_OBJECT_CONVERSION = YES_AGGRESSIVE;
				CLANG_CXX_LANGUAGE_STANDARD = "gnu++20";
				CLANG_ENABLE_MODULES = YES;
				CLANG_ENABLE_OBJC_ARC = YES;
				CLANG_ENABLE_OBJC_WEAK = YES;
				CLANG_WARN_BLOCK_CAPTURE_AUTORELEASING = YES;
				CLANG_WARN_BOOL_CONVERSION = YES;
				CLANG_WARN_COMMA = YES;
				CLANG_WARN_CONSTANT_CONVERSION = YES;
				CLANG_WARN_DEPRECATED_OBJC_IMPLEMENTATIONS = YES;
				CLANG_WARN_DIRECT_OBJC_ISA_USAGE = YES_ERROR;
				CLANG_WARN_DOCUMENTATION_COMMENTS = YES;
				CLANG_WARN_EMPTY_BODY = YES;
				CLANG_WARN_ENUM_CONVERSION = YES;
				CLANG_WARN_INFINITE_RECURSION = YES;
				CLANG_WARN_INT_CONVERSION = YES;
				CLANG_WARN_NON_LITERAL_NULL_CONVERSION = YES;
				CLANG_WARN_OBJC_IMPLICIT_RETAIN_SELF = YES;
				CLANG_WARN_OBJC_LITERAL_CONVERSION = YES;
				CLANG_WARN_OBJC_ROOT_CLASS = YES_ERROR;
				CLANG_WARN_QUOTED_INCLUDE_IN_FRAMEWORK_HEADER = YES;
				CLANG_WARN_RANGE_LOOP_ANALYSIS = YES;
				CLANG_WARN_STRICT_PROTOTYPES = YES;
				CLANG_WARN_SUSPICIOUS_MOVE = YES;
				CLANG_WARN_UNGUARDED_AVAILABILITY = YES_AGGRESSIVE;
				CLANG_WARN_UNREACHABLE_CODE = YES;
				CLANG_WARN__DUPLICATE_METHOD_MATCH = YES;
				COPY_PHASE_STRIP = NO;
				DEBUG_INFORMATION_FORMAT = "dwarf-with-dsym";
				ENABLE_NS_ASSERTIONS = NO;
				ENABLE_STRICT_OBJC_MSGSEND = YES;
				GCC_C_LANGUAGE_STANDARD = gnu11;
				GCC_NO_COMMON_BLOCKS = YES;
				GCC_WARN_64_TO_32_BIT_CONVERSION = YES;
				GCC_WARN_ABOUT_RETURN_TYPE = YES_ERROR;
				GCC_WARN_UNDECLARED_SELECTOR = YES;
				GCC_WARN_UNINITIALIZED_AUTOS = YES_AGGRESSIVE;
				GCC_WARN_UNUSED_FUNCTION = YES;
				GCC_WARN_UNUSED_VARIABLE = YES;
				IPHONEOS_DEPLOYMENT_TARGET = 16.0;
				MTL_ENABLE_DEBUG_INFO = NO;
				MTL_FAST_MATH = YES;
				SDKROOT = iphoneos;
				SWIFT_COMPILATION_MODE = wholemodule;
				SWIFT_OPTIMIZATION_LEVEL = "-O";
				VALIDATE_PRODUCT = YES;
			};
			name = Release;
		};
		FD6B7DF829642A57007C57EB /* Debug */ = {
			isa = XCBuildConfiguration;
			buildSettings = {
				ASSETCATALOG_COMPILER_APPICON_NAME = AppIcon;
				ASSETCATALOG_COMPILER_GLOBAL_ACCENT_COLOR_NAME = AccentColor;
				CODE_SIGN_STYLE = Automatic;
				CURRENT_PROJECT_VERSION = 1;
				DEVELOPMENT_ASSET_PATHS = "\"TODO_SwiftUI/Preview Content\"";
				DEVELOPMENT_TEAM = N27ZP3RXW5;
				ENABLE_PREVIEWS = YES;
				GENERATE_INFOPLIST_FILE = YES;
				INFOPLIST_KEY_UIApplicationSceneManifest_Generation = YES;
				INFOPLIST_KEY_UIApplicationSupportsIndirectInputEvents = YES;
				INFOPLIST_KEY_UILaunchScreen_Generation = YES;
				INFOPLIST_KEY_UISupportedInterfaceOrientations_iPad = "UIInterfaceOrientationPortrait UIInterfaceOrientationPortraitUpsideDown UIInterfaceOrientationLandscapeLeft UIInterfaceOrientationLandscapeRight";
				INFOPLIST_KEY_UISupportedInterfaceOrientations_iPhone = "UIInterfaceOrientationPortrait UIInterfaceOrientationLandscapeLeft UIInterfaceOrientationLandscapeRight";
				LD_RUNPATH_SEARCH_PATHS = (
					"$(inherited)",
					"@executable_path/Frameworks",
				);
				MARKETING_VERSION = 1.0;
				PRODUCT_BUNDLE_IDENTIFIER = "co.milpre.TODO-SwiftUI";
				PRODUCT_NAME = "$(TARGET_NAME)";
				SWIFT_EMIT_LOC_STRINGS = YES;
				SWIFT_VERSION = 5.0;
				TARGETED_DEVICE_FAMILY = "1,2";
			};
			name = Debug;
		};
		FD6B7DF929642A57007C57EB /* Release */ = {
			isa = XCBuildConfiguration;
			buildSettings = {
				ASSETCATALOG_COMPILER_APPICON_NAME = AppIcon;
				ASSETCATALOG_COMPILER_GLOBAL_ACCENT_COLOR_NAME = AccentColor;
				CODE_SIGN_STYLE = Automatic;
				CURRENT_PROJECT_VERSION = 1;
				DEVELOPMENT_ASSET_PATHS = "\"TODO_SwiftUI/Preview Content\"";
				DEVELOPMENT_TEAM = N27ZP3RXW5;
				ENABLE_PREVIEWS = YES;
				GENERATE_INFOPLIST_FILE = YES;
				INFOPLIST_KEY_UIApplicationSceneManifest_Generation = YES;
				INFOPLIST_KEY_UIApplicationSupportsIndirectInputEvents = YES;
				INFOPLIST_KEY_UILaunchScreen_Generation = YES;
				INFOPLIST_KEY_UISupportedInterfaceOrientations_iPad = "UIInterfaceOrientationPortrait UIInterfaceOrientationPortraitUpsideDown UIInterfaceOrientationLandscapeLeft UIInterfaceOrientationLandscapeRight";
				INFOPLIST_KEY_UISupportedInterfaceOrientations_iPhone = "UIInterfaceOrientationPortrait UIInterfaceOrientationLandscapeLeft UIInterfaceOrientationLandscapeRight";
				LD_RUNPATH_SEARCH_PATHS = (
					"$(inherited)",
					"@executable_path/Frameworks",
				);
				MARKETING_VERSION = 1.0;
				PRODUCT_BUNDLE_IDENTIFIER = "co.milpre.TODO-SwiftUI";
				PRODUCT_NAME = "$(TARGET_NAME)";
				SWIFT_EMIT_LOC_STRINGS = YES;
				SWIFT_VERSION = 5.0;
				TARGETED_DEVICE_FAMILY = "1,2";
			};
			name = Release;
		};
/* End XCBuildConfiguration section */

/* Begin XCConfigurationList section */
		FD6B7DE429642A56007C57EB /* Build configuration list for PBXProject "TODO_SwiftUI" */ = {
			isa = XCConfigurationList;
			buildConfigurations = (
				FD6B7DF529642A57007C57EB /* Debug */,
				FD6B7DF629642A57007C57EB /* Release */,
			);
			defaultConfigurationIsVisible = 0;
			defaultConfigurationName = Release;
		};
		FD6B7DF729642A57007C57EB /* Build configuration list for PBXNativeTarget "TODO_SwiftUI" */ = {
			isa = XCConfigurationList;
			buildConfigurations = (
				FD6B7DF829642A57007C57EB /* Debug */,
				FD6B7DF929642A57007C57EB /* Release */,
			);
			defaultConfigurationIsVisible = 0;
			defaultConfigurationName = Release;
		};
/* End XCConfigurationList section */
	};
	rootObject = FD6B7DE129642A56007C57EB /* Project object */;
}
